
Microsoft Visual Studio Solution File, Format Version 12.00
# Visual Studio 15
VisualStudioVersion = 15.0.34112.143
MinimumVisualStudioVersion = 10.0.40219.1
Project("{FAE04EC0-301F-11D3-BF4B-00C04F79EFBC}") = "Etat_de_stock_client", "Etat_de_stock_client\Etat_de_stock_client.csproj", "{BD32AA80-89D8-48EC-B2B2-4E9C3E0CA6B1}"
EndProject
Global
	GlobalSection(SolutionConfigurationPlatforms) = preSolution
		Debug|Any CPU = Debug|Any CPU
		Release|Any CPU = Release|Any CPU
	EndGlobalSection
	GlobalSection(ProjectConfigurationPlatforms) = postSolution
		{BD32AA80-89D8-48EC-B2B2-4E9C3E0CA6B1}.Debug|Any CPU.ActiveCfg = Debug|Any CPU
		{BD32AA80-89D8-48EC-B2B2-4E9C3E0CA6B1}.Debug|Any CPU.Build.0 = Debug|Any CPU
		{BD32AA80-89D8-48EC-B2B2-4E9C3E0CA6B1}.Release|Any CPU.ActiveCfg = Release|Any CPU
		{BD32AA80-89D8-48EC-B2B2-4E9C3E0CA6B1}.Release|Any CPU.Build.0 = Release|Any CPU
	EndGlobalSection
	GlobalSection(SolutionProperties) = preSolution
		HideSolutionNode = FALSE
	EndGlobalSection
	GlobalSection(ExtensibilityGlobals) = postSolution
		SolutionGuid = {08FF1CA9-E1AB-402B-80F1-94C05481B15C}
	EndGlobalSection
EndGlobal
